
Microsoft Visual Studio Solution File, Format Version 12.00
# Visual Studio Version 16
VisualStudioVersion = 16.0.31129.286
MinimumVisualStudioVersion = 10.0.40219.1
Project("{FE7A1B72-C5B7-4D7C-BB7D-76384D4DE8E1}") = "TF8040 Concept Samples HMI", "HMI\TF8040 Concept Samples HMI.hmiproj", "{3AB1BAD1-1753-47C9-B670-E42E339276B8}"
EndProject
Global
	GlobalSection(SolutionConfigurationPlatforms) = preSolution
		Debug|TwinCAT CE7 (ARMV7) = Debug|TwinCAT CE7 (ARMV7)
		Debug|TwinCAT HMI = Debug|TwinCAT HMI
		Debug|TwinCAT OS (ARMT2) = Debug|TwinCAT OS (ARMT2)
		Debug|TwinCAT RT (x64) = Debug|TwinCAT RT (x64)
		Debug|TwinCAT RT (x86) = Debug|TwinCAT RT (x86)
		Release|TwinCAT CE7 (ARMV7) = Release|TwinCAT CE7 (ARMV7)
		Release|TwinCAT HMI = Release|TwinCAT HMI
		Release|TwinCAT OS (ARMT2) = Release|TwinCAT OS (ARMT2)
		Release|TwinCAT RT (x64) = Release|TwinCAT RT (x64)
		Release|TwinCAT RT (x86) = Release|TwinCAT RT (x86)
	EndGlobalSection
	GlobalSection(ProjectConfigurationPlatforms) = postSolution
		{3AB1BAD1-1753-47C9-B670-E42E339276B8}.Debug|TwinCAT CE7 (ARMV7).ActiveCfg = Debug|TwinCAT HMI
		{3AB1BAD1-1753-47C9-B670-E42E339276B8}.Debug|TwinCAT HMI.ActiveCfg = Debug|TwinCAT HMI
		{3AB1BAD1-1753-47C9-B670-E42E339276B8}.Debug|TwinCAT HMI.Build.0 = Debug|TwinCAT HMI
		{3AB1BAD1-1753-47C9-B670-E42E339276B8}.Debug|TwinCAT OS (ARMT2).ActiveCfg = Debug|TwinCAT HMI
		{3AB1BAD1-1753-47C9-B670-E42E339276B8}.Debug|TwinCAT RT (x64).ActiveCfg = Debug|TwinCAT HMI
		{3AB1BAD1-1753-47C9-B670-E42E339276B8}.Debug|TwinCAT RT (x86).ActiveCfg = Debug|TwinCAT HMI
		{3AB1BAD1-1753-47C9-B670-E42E339276B8}.Release|TwinCAT CE7 (ARMV7).ActiveCfg = Release|TwinCAT HMI
		{3AB1BAD1-1753-47C9-B670-E42E339276B8}.Release|TwinCAT HMI.ActiveCfg = Release|TwinCAT HMI
		{3AB1BAD1-1753-47C9-B670-E42E339276B8}.Release|TwinCAT HMI.Build.0 = Release|TwinCAT HMI
		{3AB1BAD1-1753-47C9-B670-E42E339276B8}.Release|TwinCAT OS (ARMT2).ActiveCfg = Release|TwinCAT HMI
		{3AB1BAD1-1753-47C9-B670-E42E339276B8}.Release|TwinCAT RT (x64).ActiveCfg = Release|TwinCAT HMI
		{3AB1BAD1-1753-47C9-B670-E42E339276B8}.Release|TwinCAT RT (x86).ActiveCfg = Release|TwinCAT HMI
	EndGlobalSection
	GlobalSection(SolutionProperties) = preSolution
		HideSolutionNode = FALSE
	EndGlobalSection
	GlobalSection(ExtensibilityGlobals) = postSolution
		SolutionGuid = {74FEC52E-9AEF-45EB-85F9-B002DED07BE5}
	EndGlobalSection
EndGlobal
