
Microsoft Visual Studio Solution File, Format Version 12.00
# Visual Studio 15
VisualStudioVersion = 15.0.28307.1000
MinimumVisualStudioVersion = 10.0.40219.1
Project("{FAE04EC0-301F-11D3-BF4B-00C04F79EFBC}") = "S01-SimpleRead", "S01-SimpleRead\S01-SimpleRead.csproj", "{F53AF63B-72F0-4A8F-9B52-2ABD55DBD86C}"
EndProject
Project("{FAE04EC0-301F-11D3-BF4B-00C04F79EFBC}") = "S02-ReadCyclic", "S02-ReadCyclic\S02-ReadCyclic.csproj", "{548E5E77-F6AA-4A85-B706-DE2A9C799826}"
EndProject
Global
	GlobalSection(SolutionConfigurationPlatforms) = preSolution
		Debug|Any CPU = Debug|Any CPU
		Release|Any CPU = Release|Any CPU
	EndGlobalSection
	GlobalSection(ProjectConfigurationPlatforms) = postSolution
		{F53AF63B-72F0-4A8F-9B52-2ABD55DBD86C}.Debug|Any CPU.ActiveCfg = Debug|Any CPU
		{F53AF63B-72F0-4A8F-9B52-2ABD55DBD86C}.Debug|Any CPU.Build.0 = Debug|Any CPU
		{F53AF63B-72F0-4A8F-9B52-2ABD55DBD86C}.Release|Any CPU.ActiveCfg = Release|Any CPU
		{F53AF63B-72F0-4A8F-9B52-2ABD55DBD86C}.Release|Any CPU.Build.0 = Release|Any CPU
		{548E5E77-F6AA-4A85-B706-DE2A9C799826}.Debug|Any CPU.ActiveCfg = Debug|Any CPU
		{548E5E77-F6AA-4A85-B706-DE2A9C799826}.Debug|Any CPU.Build.0 = Debug|Any CPU
		{548E5E77-F6AA-4A85-B706-DE2A9C799826}.Release|Any CPU.ActiveCfg = Release|Any CPU
		{548E5E77-F6AA-4A85-B706-DE2A9C799826}.Release|Any CPU.Build.0 = Release|Any CPU
	EndGlobalSection
	GlobalSection(SolutionProperties) = preSolution
		HideSolutionNode = FALSE
	EndGlobalSection
	GlobalSection(ExtensibilityGlobals) = postSolution
		SolutionGuid = {659A916A-74AA-4E8E-B201-DF420DC9EF78}
	EndGlobalSection
EndGlobal
