
Microsoft Visual Studio Solution File, Format Version 12.00
# Visual Studio Version 16
VisualStudioVersion = 16.0.32901.82
MinimumVisualStudioVersion = 10.0.40219.1
Project("{9A19103F-16F7-4668-BE54-9A1E7A4F7556}") = "S01-SimpleRead", "S01-SimpleRead\S01-SimpleRead.csproj", "{F53AF63B-72F0-4A8F-9B52-2ABD55DBD86C}"
EndProject
Project("{9A19103F-16F7-4668-BE54-9A1E7A4F7556}") = "S02-ReadCyclic", "S02-ReadCyclic\S02-ReadCyclic.csproj", "{548E5E77-F6AA-4A85-B706-DE2A9C799826}"
EndProject
Project("{9A19103F-16F7-4668-BE54-9A1E7A4F7556}") = "S05-SimpleWrite", "S05-SimpleWrite\S05-SimpleWrite.csproj", "{A535BC31-2F61-442D-A274-629F975DBC7A}"
EndProject
Project("{9A19103F-16F7-4668-BE54-9A1E7A4F7556}") = "S10-Queries", "S10-Queries\S10-Queries.csproj", "{F2EE586A-563A-423E-B503-147B9C0998DD}"
EndProject
Project("{9A19103F-16F7-4668-BE54-9A1E7A4F7556}") = "S20-Customize", "S20-Customize\S20-Customize.csproj", "{C62CFB2E-FBDF-4C55-89D4-E75009588312}"
EndProject
Project("{9A19103F-16F7-4668-BE54-9A1E7A4F7556}") = "S21-RawAds", "S21-RawAds\S21-RawAds.csproj", "{54524AAD-3945-49A4-B00E-0248C78E941C}"
EndProject
Project("{9A19103F-16F7-4668-BE54-9A1E7A4F7556}") = "S50-Misc", "S50-Misc\S50-Misc.csproj", "{8C93C7FE-DBF8-4FF0-A776-A8DB7FC3FAAE}"
EndProject
Project("{9A19103F-16F7-4668-BE54-9A1E7A4F7556}") = "S51-Log", "S51-Log\S51-Log.csproj", "{57E1E823-E1F6-4087-8B75-74837C337E99}"
EndProject
Project("{FAE04EC0-301F-11D3-BF4B-00C04F79EFBC}") = "S11-Lazy", "S11-Lazy\S11-Lazy.csproj", "{B37C24FF-B708-4F9E-B3E1-8409D7E5004B}"
EndProject
Global
	GlobalSection(SolutionConfigurationPlatforms) = preSolution
		Debug|Any CPU = Debug|Any CPU
		Release|Any CPU = Release|Any CPU
	EndGlobalSection
	GlobalSection(ProjectConfigurationPlatforms) = postSolution
		{F53AF63B-72F0-4A8F-9B52-2ABD55DBD86C}.Debug|Any CPU.ActiveCfg = Debug|Any CPU
		{F53AF63B-72F0-4A8F-9B52-2ABD55DBD86C}.Debug|Any CPU.Build.0 = Debug|Any CPU
		{F53AF63B-72F0-4A8F-9B52-2ABD55DBD86C}.Release|Any CPU.ActiveCfg = Release|Any CPU
		{F53AF63B-72F0-4A8F-9B52-2ABD55DBD86C}.Release|Any CPU.Build.0 = Release|Any CPU
		{548E5E77-F6AA-4A85-B706-DE2A9C799826}.Debug|Any CPU.ActiveCfg = Debug|Any CPU
		{548E5E77-F6AA-4A85-B706-DE2A9C799826}.Debug|Any CPU.Build.0 = Debug|Any CPU
		{548E5E77-F6AA-4A85-B706-DE2A9C799826}.Release|Any CPU.ActiveCfg = Release|Any CPU
		{548E5E77-F6AA-4A85-B706-DE2A9C799826}.Release|Any CPU.Build.0 = Release|Any CPU
		{A535BC31-2F61-442D-A274-629F975DBC7A}.Debug|Any CPU.ActiveCfg = Debug|Any CPU
		{A535BC31-2F61-442D-A274-629F975DBC7A}.Debug|Any CPU.Build.0 = Debug|Any CPU
		{A535BC31-2F61-442D-A274-629F975DBC7A}.Release|Any CPU.ActiveCfg = Release|Any CPU
		{A535BC31-2F61-442D-A274-629F975DBC7A}.Release|Any CPU.Build.0 = Release|Any CPU
		{F2EE586A-563A-423E-B503-147B9C0998DD}.Debug|Any CPU.ActiveCfg = Debug|Any CPU
		{F2EE586A-563A-423E-B503-147B9C0998DD}.Debug|Any CPU.Build.0 = Debug|Any CPU
		{F2EE586A-563A-423E-B503-147B9C0998DD}.Release|Any CPU.ActiveCfg = Release|Any CPU
		{F2EE586A-563A-423E-B503-147B9C0998DD}.Release|Any CPU.Build.0 = Release|Any CPU
		{C62CFB2E-FBDF-4C55-89D4-E75009588312}.Debug|Any CPU.ActiveCfg = Debug|Any CPU
		{C62CFB2E-FBDF-4C55-89D4-E75009588312}.Debug|Any CPU.Build.0 = Debug|Any CPU
		{C62CFB2E-FBDF-4C55-89D4-E75009588312}.Release|Any CPU.ActiveCfg = Release|Any CPU
		{C62CFB2E-FBDF-4C55-89D4-E75009588312}.Release|Any CPU.Build.0 = Release|Any CPU
		{54524AAD-3945-49A4-B00E-0248C78E941C}.Debug|Any CPU.ActiveCfg = Debug|Any CPU
		{54524AAD-3945-49A4-B00E-0248C78E941C}.Debug|Any CPU.Build.0 = Debug|Any CPU
		{54524AAD-3945-49A4-B00E-0248C78E941C}.Release|Any CPU.ActiveCfg = Release|Any CPU
		{54524AAD-3945-49A4-B00E-0248C78E941C}.Release|Any CPU.Build.0 = Release|Any CPU
		{8C93C7FE-DBF8-4FF0-A776-A8DB7FC3FAAE}.Debug|Any CPU.ActiveCfg = Debug|Any CPU
		{8C93C7FE-DBF8-4FF0-A776-A8DB7FC3FAAE}.Debug|Any CPU.Build.0 = Debug|Any CPU
		{8C93C7FE-DBF8-4FF0-A776-A8DB7FC3FAAE}.Release|Any CPU.ActiveCfg = Release|Any CPU
		{8C93C7FE-DBF8-4FF0-A776-A8DB7FC3FAAE}.Release|Any CPU.Build.0 = Release|Any CPU
		{57E1E823-E1F6-4087-8B75-74837C337E99}.Debug|Any CPU.ActiveCfg = Debug|Any CPU
		{57E1E823-E1F6-4087-8B75-74837C337E99}.Debug|Any CPU.Build.0 = Debug|Any CPU
		{57E1E823-E1F6-4087-8B75-74837C337E99}.Release|Any CPU.ActiveCfg = Release|Any CPU
		{57E1E823-E1F6-4087-8B75-74837C337E99}.Release|Any CPU.Build.0 = Release|Any CPU
		{B37C24FF-B708-4F9E-B3E1-8409D7E5004B}.Debug|Any CPU.ActiveCfg = Debug|Any CPU
		{B37C24FF-B708-4F9E-B3E1-8409D7E5004B}.Debug|Any CPU.Build.0 = Debug|Any CPU
		{B37C24FF-B708-4F9E-B3E1-8409D7E5004B}.Release|Any CPU.ActiveCfg = Release|Any CPU
		{B37C24FF-B708-4F9E-B3E1-8409D7E5004B}.Release|Any CPU.Build.0 = Release|Any CPU
	EndGlobalSection
	GlobalSection(SolutionProperties) = preSolution
		HideSolutionNode = FALSE
	EndGlobalSection
	GlobalSection(ExtensibilityGlobals) = postSolution
		SolutionGuid = {659A916A-74AA-4E8E-B201-DF420DC9EF78}
	EndGlobalSection
EndGlobal
