
Microsoft Visual Studio Solution File, Format Version 12.00
# Visual Studio Version 16
VisualStudioVersion = 16.0.31129.286
MinimumVisualStudioVersion = 10.0.40219.1
Project("{FE7A1B72-C5B7-4D7C-BB7D-76384D4DE8E1}") = "TF8040 Template Samples HMI", "TF8040 Template Samples HMI\TF8040 Template Samples HMI.hmiproj", "{DCCCF4CE-FE22-442E-B5BC-DB6317D7AF1E}"
EndProject
Global
	GlobalSection(SolutionConfigurationPlatforms) = preSolution
		Debug|TwinCAT HMI = Debug|TwinCAT HMI
		Release|TwinCAT HMI = Release|TwinCAT HMI
	EndGlobalSection
	GlobalSection(ProjectConfigurationPlatforms) = postSolution
		{DCCCF4CE-FE22-442E-B5BC-DB6317D7AF1E}.Debug|TwinCAT HMI.ActiveCfg = Debug|TwinCAT HMI
		{DCCCF4CE-FE22-442E-B5BC-DB6317D7AF1E}.Debug|TwinCAT HMI.Build.0 = Debug|TwinCAT HMI
		{DCCCF4CE-FE22-442E-B5BC-DB6317D7AF1E}.Release|TwinCAT HMI.ActiveCfg = Release|TwinCAT HMI
		{DCCCF4CE-FE22-442E-B5BC-DB6317D7AF1E}.Release|TwinCAT HMI.Build.0 = Release|TwinCAT HMI
	EndGlobalSection
	GlobalSection(SolutionProperties) = preSolution
		HideSolutionNode = FALSE
	EndGlobalSection
	GlobalSection(ExtensibilityGlobals) = postSolution
		SolutionGuid = {E49A6955-1816-45C4-9994-E571F95A78BE}
	EndGlobalSection
EndGlobal
